{
  "name": "rdash-angular",
  "version": "0.0.1",
  "lockfileVersion": 1,
  "requires": true,
  "dependencies": {
    "@types/angular": {
      "version": "1.6.45",
      "resolved": "https://registry.npmjs.org/@types/angular/-/angular-1.6.45.tgz",
      "integrity": "sha512-eXm3F/z2j8lVq7yBLL2G8QAygzYAboIJbJ46g26t71hgPtlxV9ibEJIBNj4KxCIZf7DcQo/KSnqaQ/0D9Rx2GA=="
    },
    "angular-notify": {
      "version": "1.2.0",
      "resolved": "https://registry.npmjs.org/angular-notify/-/angular-notify-1.2.0.tgz",
      "integrity": "sha1-hRfNoWkFNTybhQCH6z+yeMssW+E="
    },
    "highcharts": {
      "version": "5.0.14",
      "resolved": "https://registry.npmjs.org/highcharts/-/highcharts-5.0.14.tgz",
      "integrity": "sha512-mgJLyh1GYaLTh6hoEu8eB+Cl4tGygegRlJv7BBGWSafeZnADVsILbWo73RDH6kKyZDJqdb+G2tAo0sFvVv8k1Q=="
    },
    "highcharts-ng": {
      "version": "1.1.0",
      "resolved": "https://registry.npmjs.org/highcharts-ng/-/highcharts-ng-1.1.0.tgz",
      "integrity": "sha1-QU+5u8p5f9NqSM/R2AxAFMZwY+M=",
      "requires": {
        "highcharts": "^5.0.9"
      }
    },
    "ng-file-upload": {
      "version": "12.2.13",
      "resolved": "https://registry.npmjs.org/ng-file-upload/-/ng-file-upload-12.2.13.tgz",
      "integrity": "sha1-AYAPOHLlJvlTEPhHfpnk8S0NjRQ="
    },
    "ng-table": {
      "version": "3.0.1",
      "resolved": "https://registry.npmjs.org/ng-table/-/ng-table-3.0.1.tgz",
      "integrity": "sha1-4O+liIfPQYBct5c4FNpQnd24k2g=",
      "requires": {
        "@types/angular": "^1.5.13"
      }
    }
  }
}
